Microsoft Visual Studio Solution File, Format Version 12.00
# Visual Studio 2012
Project("{FAE04EC0-301F-11D3-BF4B-00C04F79EFBC}") = "MLG.Bootstrap", "MLG.Bootstrap.csproj", "{0728D0D3-5E73-4D84-ACB8-7287FC81BC56}"
EndProject
Global
	GlobalSection(SolutionConfigurationPlatforms) = preSolution
	Debug|Any CPU = Debug|Any CPU
	ExportDebug|Any CPU = ExportDebug|Any CPU
	ExportRelease|Any CPU = ExportRelease|Any CPU
	EndGlobalSection
	GlobalSection(ProjectConfigurationPlatforms) = postSolution
		{0728D0D3-5E73-4D84-ACB8-7287FC81BC56}.Debug|Any CPU.ActiveCfg = Debug|Any CPU
		{0728D0D3-5E73-4D84-ACB8-7287FC81BC56}.Debug|Any CPU.Build.0 = Debug|Any CPU
		{0728D0D3-5E73-4D84-ACB8-7287FC81BC56}.ExportDebug|Any CPU.ActiveCfg = ExportDebug|Any CPU
		{0728D0D3-5E73-4D84-ACB8-7287FC81BC56}.ExportDebug|Any CPU.Build.0 = ExportDebug|Any CPU
		{0728D0D3-5E73-4D84-ACB8-7287FC81BC56}.ExportRelease|Any CPU.ActiveCfg = ExportRelease|Any CPU
		{0728D0D3-5E73-4D84-ACB8-7287FC81BC56}.ExportRelease|Any CPU.Build.0 = ExportRelease|Any CPU
	EndGlobalSection
EndGlobal
