
Microsoft Visual Studio Solution File, Format Version 12.00
Project("{FAE04EC0-301F-11D3-BF4B-00C04F79EFBC}") = "MLG.Installer", "MLG.Installer\MLG.Installer.csproj", "{FA35DC5D-B2EE-44FD-A0E1-0F89E5E9091A}"
EndProject
Project("{FAE04EC0-301F-11D3-BF4B-00C04F79EFBC}") = "GodotPlugins", "GodotPlugins\GodotPlugins.csproj", "{C87DBBBD-468A-479B-957F-E4488FBEC903}"
EndProject
Project("{FAE04EC0-301F-11D3-BF4B-00C04F79EFBC}") = "MLG.Bootstrap", "MLG.Bootstrap\MLG.Bootstrap.csproj", "{2AA891AB-D531-4AA4-BD88-1FB89D141E6B}"
EndProject
Project("{FAE04EC0-301F-11D3-BF4B-00C04F79EFBC}") = "MLG.Core", "MLG.Core\MLG.Core.csproj", "{53849AC8-273A-4F7C-816D-E1D7D5CDECC4}"
EndProject
Global
	GlobalSection(SolutionConfigurationPlatforms) = preSolution
		Debug|Any CPU = Debug|Any CPU
		Release|Any CPU = Release|Any CPU
	EndGlobalSection
	GlobalSection(ProjectConfigurationPlatforms) = postSolution
		{FA35DC5D-B2EE-44FD-A0E1-0F89E5E9091A}.Debug|Any CPU.ActiveCfg = Debug|Any CPU
		{FA35DC5D-B2EE-44FD-A0E1-0F89E5E9091A}.Debug|Any CPU.Build.0 = Debug|Any CPU
		{FA35DC5D-B2EE-44FD-A0E1-0F89E5E9091A}.Release|Any CPU.ActiveCfg = Release|Any CPU
		{FA35DC5D-B2EE-44FD-A0E1-0F89E5E9091A}.Release|Any CPU.Build.0 = Release|Any CPU
		{C87DBBBD-468A-479B-957F-E4488FBEC903}.Debug|Any CPU.ActiveCfg = Debug|Any CPU
		{C87DBBBD-468A-479B-957F-E4488FBEC903}.Debug|Any CPU.Build.0 = Debug|Any CPU
		{C87DBBBD-468A-479B-957F-E4488FBEC903}.Release|Any CPU.ActiveCfg = Release|Any CPU
		{C87DBBBD-468A-479B-957F-E4488FBEC903}.Release|Any CPU.Build.0 = Release|Any CPU
		{2AA891AB-D531-4AA4-BD88-1FB89D141E6B}.Debug|Any CPU.ActiveCfg = Debug|Any CPU
		{2AA891AB-D531-4AA4-BD88-1FB89D141E6B}.Debug|Any CPU.Build.0 = Debug|Any CPU
		{2AA891AB-D531-4AA4-BD88-1FB89D141E6B}.Release|Any CPU.ActiveCfg = Release|Any CPU
		{2AA891AB-D531-4AA4-BD88-1FB89D141E6B}.Release|Any CPU.Build.0 = Release|Any CPU
		{53849AC8-273A-4F7C-816D-E1D7D5CDECC4}.Debug|Any CPU.ActiveCfg = Debug|Any CPU
		{53849AC8-273A-4F7C-816D-E1D7D5CDECC4}.Debug|Any CPU.Build.0 = Debug|Any CPU
		{53849AC8-273A-4F7C-816D-E1D7D5CDECC4}.Release|Any CPU.ActiveCfg = Release|Any CPU
		{53849AC8-273A-4F7C-816D-E1D7D5CDECC4}.Release|Any CPU.Build.0 = Release|Any CPU
	EndGlobalSection
EndGlobal
